# THIS IS AN AUTOGENERATED FILE. DO NOT EDIT THIS FILE DIRECTLY.
# yarn lockfile v1


dist-exiftool@^10.53.0:
  version "10.53.0"
  resolved "https://registry.yarnpkg.com/dist-exiftool/-/dist-exiftool-10.53.0.tgz#8bd17bac1e43deacd81d9adacd0f1e24c690100f"
  dependencies:
    platform-dependent-modules "0.0.14"
  optionalDependencies:
    exiftool.exe "10.53"
    exiftool.pl "10.53"

exiftool.exe@10.53:
  version "10.53.0"
  resolved "https://registry.yarnpkg.com/exiftool.exe/-/exiftool.exe-10.53.0.tgz#22b1ce60fb8db589469d1aa5b0a1fe09a35bc454"

exiftool.pl@10.53:
  version "10.53.0"
  resolved "https://registry.yarnpkg.com/exiftool.pl/-/exiftool.pl-10.53.0.tgz#63c1646b3ad0aed1ce1313d7b5d07da4d7b13d84"

exiftool@^0.0.3:
  version "0.0.3"
  resolved "https://registry.yarnpkg.com/exiftool/-/exiftool-0.0.3.tgz#f58a92bd77270adc54f3151ced61a4a3ab69d707"

makepromise@1.0.0:
  version "1.0.0"
  resolved "https://registry.yarnpkg.com/makepromise/-/makepromise-1.0.0.tgz#bc6bb6a3e06fd706df51c2923b6936fabd70aa7f"

node-exiftool@^2.2.0:
  version "2.2.0"
  resolved "https://registry.yarnpkg.com/node-exiftool/-/node-exiftool-2.2.0.tgz#dc7e0e2b4c6a1fa4a5099b463f54ea2ca65ac19c"
  dependencies:
    restream "1.2.0"
    wrote "0.4.0"

platform-dependent-modules@0.0.14:
  version "0.0.14"
  resolved "https://registry.yarnpkg.com/platform-dependent-modules/-/platform-dependent-modules-0.0.14.tgz#3c53d0415d81ce22dcfde15665d0cfd541d41617"

restream@1.2.0:
  version "1.2.0"
  resolved "https://registry.yarnpkg.com/restream/-/restream-1.2.0.tgz#fd13b031a54e80cc65d1878c43149f1b3a40efbb"

wrote@0.4.0:
  version "0.4.0"
  resolved "https://registry.yarnpkg.com/wrote/-/wrote-0.4.0.tgz#03a36e7efa70ee9ea3eb34302383cc038c9faa8c"
  dependencies:
    makepromise "1.0.0"
